
Microsoft Visual Studio Solution File, Format Version 12.00
# Visual Studio Version 16
VisualStudioVersion = 16.0.28803.352
MinimumVisualStudioVersion = 10.0.40219.1
Project("{888888A0-9F3D-457C-B088-3A5042F75D52}") = "sqlNLP", "sqlNLP\sqlNLP.pyproj", "{B9D7B54E-6BB5-4E9E-B624-CD5F295B2880}"
EndProject
Global
	GlobalSection(SolutionConfigurationPlatforms) = preSolution
		Debug|Any CPU = Debug|Any CPU
		Release|Any CPU = Release|Any CPU
	EndGlobalSection
	GlobalSection(ProjectConfigurationPlatforms) = postSolution
		{B9D7B54E-6BB5-4E9E-B624-CD5F295B2880}.Debug|Any CPU.ActiveCfg = Debug|Any CPU
		{B9D7B54E-6BB5-4E9E-B624-CD5F295B2880}.Release|Any CPU.ActiveCfg = Release|Any CPU
	EndGlobalSection
	GlobalSection(SolutionProperties) = preSolution
		HideSolutionNode = FALSE
	EndGlobalSection
	GlobalSection(ExtensibilityGlobals) = postSolution
		SolutionGuid = {BD4F2820-19D4-48EB-AA1D-FF9D44E25340}
	EndGlobalSection
EndGlobal
